// !$*UTF8*$!
{
	archiveVersion = 1;
	classes = {
	};
	objectVersion = 56;
	objects = {

/* Begin PBXBuildFile section */
		24DB44262BD0D938008F54D1 /* EditVC.swift in Sources */ = {isa = PBXBuildFile; fileRef = 24DB44252BD0D938008F54D1 /* EditVC.swift */; };
		FCAAEF852BD01BEB002DA520 /* AppDelegate.swift in Sources */ = {isa = PBXBuildFile; fileRef = FCAAEF842BD01BEB002DA520 /* AppDelegate.swift */; };
		FCAAEF872BD01BEB002DA520 /* SceneDelegate.swift in Sources */ = {isa = PBXBuildFile; fileRef = FCAAEF862BD01BEB002DA520 /* SceneDelegate.swift */; };
		FCAAEF892BD01BEB002DA520 /* ViewController.swift in Sources */ = {isa = PBXBuildFile; fileRef = FCAAEF882BD01BEB002DA520 /* ViewController.swift */; };
		FCAAEF8C2BD01BEB002DA520 /* Base in Resources */ = {isa = PBXBuildFile; fileRef = FCAAEF8B2BD01BEB002DA520 /* Base */; };
		FCAAEF8E2BD01BEC002DA520 /* Assets.xcassets in Resources */ = {isa = PBXBuildFile; fileRef = FCAAEF8D2BD01BEC002DA520 /* Assets.xcassets */; };
		FCAAEF912BD01BEC002DA520 /* Base in Resources */ = {isa = PBXBuildFile; fileRef = FCAAEF902BD01BEC002DA520 /* Base */; };
		FCAAEFA02BD02ABE002DA520 /* CameraPhotoControllerVC.swift in Sources */ = {isa = PBXBuildFile; fileRef = FCAAEF9F2BD02ABE002DA520 /* CameraPhotoControllerVC.swift */; };
		FCAAEFA32BD03783002DA520 /* UIViewController+Ext.swift in Sources */ = {isa = PBXBuildFile; fileRef = FCAAEFA22BD03783002DA520 /* UIViewController+Ext.swift */; };
		FCAAEFA92BD03F8A002DA520 /* ConstantEnum.swift in Sources */ = {isa = PBXBuildFile; fileRef = FCAAEFA82BD03F8A002DA520 /* ConstantEnum.swift */; };
		FCAAEFB12BD0524B002DA520 /* UIImage+Ext.swift in Sources */ = {isa = PBXBuildFile; fileRef = FCAAEFB02BD0524B002DA520 /* UIImage+Ext.swift */; };
		FCAAEFBA2BD05B22002DA520 /* CalcuteFunctions.swift in Sources */ = {isa = PBXBuildFile; fileRef = FCAAEFB52BD05B22002DA520 /* CalcuteFunctions.swift */; };
		FCAAEFBB2BD05B22002DA520 /* adjustToFitFontOrWidth.swift in Sources */ = {isa = PBXBuildFile; fileRef = FCAAEFB62BD05B22002DA520 /* adjustToFitFontOrWidth.swift */; };
		FCAAEFBC2BD05B22002DA520 /* JLAttributedTextView.swift in Sources */ = {isa = PBXBuildFile; fileRef = FCAAEFB72BD05B22002DA520 /* JLAttributedTextView.swift */; };
		FCAAEFBD2BD05B22002DA520 /* JLStickerImageView.swift in Sources */ = {isa = PBXBuildFile; fileRef = FCAAEFB82BD05B22002DA520 /* JLStickerImageView.swift */; };
		FCAAEFBE2BD05B22002DA520 /* JLStickerLabelView.swift in Sources */ = {isa = PBXBuildFile; fileRef = FCAAEFB92BD05B22002DA520 /* JLStickerLabelView.swift */; };
		FCAAEFC32BD06078002DA520 /* FilterCollectionCell.swift in Sources */ = {isa = PBXBuildFile; fileRef = FCAAEFC12BD06078002DA520 /* FilterCollectionCell.swift */; };
		FCAAEFC42BD06078002DA520 /* FilterCollectionCell.xib in Resources */ = {isa = PBXBuildFile; fileRef = FCAAEFC22BD06078002DA520 /* FilterCollectionCell.xib */; };
		FCAAEFC62BD06220002DA520 /* CollectionView+Ext.swift in Sources */ = {isa = PBXBuildFile; fileRef = FCAAEFC52BD06220002DA520 /* CollectionView+Ext.swift */; };
/* End PBXBuildFile section */

/* Begin PBXFileReference section */
		24DB44252BD0D938008F54D1 /* EditVC.swift */ = {isa = PBXFileReference; lastKnownFileType = sourcecode.swift; path = EditVC.swift; sourceTree = "<group>"; };
		FCAAEF812BD01BEB002DA520 /* PhotoEditorApp.app */ = {isa = PBXFileReference; explicitFileType = wrapper.application; includeInIndex = 0; path = PhotoEditorApp.app; sourceTree = BUILT_PRODUCTS_DIR; };
		FCAAEF842BD01BEB002DA520 /* AppDelegate.swift */ = {isa = PBXFileReference; lastKnownFileType = sourcecode.swift; path = AppDelegate.swift; sourceTree = "<group>"; };
		FCAAEF862BD01BEB002DA520 /* SceneDelegate.swift */ = {isa = PBXFileReference; lastKnownFileType = sourcecode.swift; path = SceneDelegate.swift; sourceTree = "<group>"; };
		FCAAEF882BD01BEB002DA520 /* ViewController.swift */ = {isa = PBXFileReference; lastKnownFileType = sourcecode.swift; path = ViewController.swift; sourceTree = "<group>"; };
		FCAAEF8B2BD01BEB002DA520 /* Base */ = {isa = PBXFileReference; lastKnownFileType = file.storyboard; name = Base; path = Base.lproj/Main.storyboard; sourceTree = "<group>"; };
		FCAAEF8D2BD01BEC002DA520 /* Assets.xcassets */ = {isa = PBXFileReference; lastKnownFileType = folder.assetcatalog; path = Assets.xcassets; sourceTree = "<group>"; };
		FCAAEF902BD01BEC002DA520 /* Base */ = {isa = PBXFileReference; lastKnownFileType = file.storyboard; name = Base; path = Base.lproj/LaunchScreen.storyboard; sourceTree = "<group>"; };
		FCAAEF922BD01BEC002DA520 /* Info.plist */ = {isa = PBXFileReference; lastKnownFileType = text.plist.xml; path = Info.plist; sourceTree = "<group>"; };
		FCAAEF9F2BD02ABE002DA520 /* CameraPhotoControllerVC.swift */ = {isa = PBXFileReference; fileEncoding = 4; lastKnownFileType = sourcecode.swift; path = CameraPhotoControllerVC.swift; sourceTree = "<group>"; };
		FCAAEFA22BD03783002DA520 /* UIViewController+Ext.swift */ = {isa = PBXFileReference; lastKnownFileType = sourcecode.swift; path = "UIViewController+Ext.swift"; sourceTree = "<group>"; };
		FCAAEFA82BD03F8A002DA520 /* ConstantEnum.swift */ = {isa = PBXFileReference; lastKnownFileType = sourcecode.swift; path = ConstantEnum.swift; sourceTree = "<group>"; };
		FCAAEFB02BD0524B002DA520 /* UIImage+Ext.swift */ = {isa = PBXFileReference; lastKnownFileType = sourcecode.swift; path = "UIImage+Ext.swift"; sourceTree = "<group>"; };
		FCAAEFB52BD05B22002DA520 /* CalcuteFunctions.swift */ = {isa = PBXFileReference; fileEncoding = 4; lastKnownFileType = sourcecode.swift; path = CalcuteFunctions.swift; sourceTree = "<group>"; };
		FCAAEFB62BD05B22002DA520 /* adjustToFitFontOrWidth.swift */ = {isa = PBXFileReference; fileEncoding = 4; lastKnownFileType = sourcecode.swift; path = adjustToFitFontOrWidth.swift; sourceTree = "<group>"; };
		FCAAEFB72BD05B22002DA520 /* JLAttributedTextView.swift */ = {isa = PBXFileReference; fileEncoding = 4; lastKnownFileType = sourcecode.swift; path = JLAttributedTextView.swift; sourceTree = "<group>"; };
		FCAAEFB82BD05B22002DA520 /* JLStickerImageView.swift */ = {isa = PBXFileReference; fileEncoding = 4; lastKnownFileType = sourcecode.swift; path = JLStickerImageView.swift; sourceTree = "<group>"; };
		FCAAEFB92BD05B22002DA520 /* JLStickerLabelView.swift */ = {isa = PBXFileReference; fileEncoding = 4; lastKnownFileType = sourcecode.swift; path = JLStickerLabelView.swift; sourceTree = "<group>"; };
		FCAAEFC12BD06078002DA520 /* FilterCollectionCell.swift */ = {isa = PBXFileReference; lastKnownFileType = sourcecode.swift; path = FilterCollectionCell.swift; sourceTree = "<group>"; };
		FCAAEFC22BD06078002DA520 /* FilterCollectionCell.xib */ = {isa = PBXFileReference; lastKnownFileType = file.xib; path = FilterCollectionCell.xib; sourceTree = "<group>"; };
		FCAAEFC52BD06220002DA520 /* CollectionView+Ext.swift */ = {isa = PBXFileReference; lastKnownFileType = sourcecode.swift; path = "CollectionView+Ext.swift"; sourceTree = "<group>"; };
/* End PBXFileReference section */

/* Begin PBXFrameworksBuildPhase section */
		FCAAEF7E2BD01BEB002DA520 /* Frameworks */ = {
			isa = PBXFrameworksBuildPhase;
			buildActionMask = 2147483647;
			files = (
			);
			runOnlyForDeploymentPostprocessing = 0;
		};
/* End PBXFrameworksBuildPhase section */

/* Begin PBXGroup section */
		FCAAEF782BD01BEB002DA520 = {
			isa = PBXGroup;
			children = (
				FCAAEF832BD01BEB002DA520 /* PhotoEditorApp */,
				FCAAEF822BD01BEB002DA520 /* Products */,
			);
			sourceTree = "<group>";
		};
		FCAAEF822BD01BEB002DA520 /* Products */ = {
			isa = PBXGroup;
			children = (
				FCAAEF812BD01BEB002DA520 /* PhotoEditorApp.app */,
			);
			name = Products;
			sourceTree = "<group>";
		};
		FCAAEF832BD01BEB002DA520 /* PhotoEditorApp */ = {
			isa = PBXGroup;
			children = (
				FCAAEF9C2BD01C11002DA520 /* Interface */,
				FCAAEF9B2BD01C0A002DA520 /* Controller */,
				FCAAEFC72BD06630002DA520 /* Constant */,
				FCAAEFA12BD03763002DA520 /* Extension */,
				FCAAEF9E2BD0299A002DA520 /* Utilties */,
				FCAAEF9D2BD01C41002DA520 /* AppDelegate */,
				FCAAEF8D2BD01BEC002DA520 /* Assets.xcassets */,
				FCAAEF922BD01BEC002DA520 /* Info.plist */,
			);
			path = PhotoEditorApp;
			sourceTree = "<group>";
		};
		FCAAEF9B2BD01C0A002DA520 /* Controller */ = {
			isa = PBXGroup;
			children = (
				FCAAEF882BD01BEB002DA520 /* ViewController.swift */,
				24DB44252BD0D938008F54D1 /* EditVC.swift */,
			);
			path = Controller;
			sourceTree = "<group>";
		};
		FCAAEF9C2BD01C11002DA520 /* Interface */ = {
			isa = PBXGroup;
			children = (
				FCAAEFC02BD0605A002DA520 /* Xibs */,
				FCAAEF8A2BD01BEB002DA520 /* Main.storyboard */,
				FCAAEF8F2BD01BEC002DA520 /* LaunchScreen.storyboard */,
			);
			path = Interface;
			sourceTree = "<group>";
		};
		FCAAEF9D2BD01C41002DA520 /* AppDelegate */ = {
			isa = PBXGroup;
			children = (
				FCAAEF842BD01BEB002DA520 /* AppDelegate.swift */,
				FCAAEF862BD01BEB002DA520 /* SceneDelegate.swift */,
			);
			path = AppDelegate;
			sourceTree = "<group>";
		};
		FCAAEF9E2BD0299A002DA520 /* Utilties */ = {
			isa = PBXGroup;
			children = (
				FCAAEFB42BD05A55002DA520 /* JLStickerView */,
				FCAAEF9F2BD02ABE002DA520 /* CameraPhotoControllerVC.swift */,
			);
			path = Utilties;
			sourceTree = "<group>";
		};
		FCAAEFA12BD03763002DA520 /* Extension */ = {
			isa = PBXGroup;
			children = (
				FCAAEFA22BD03783002DA520 /* UIViewController+Ext.swift */,
				FCAAEFB02BD0524B002DA520 /* UIImage+Ext.swift */,
				FCAAEFC52BD06220002DA520 /* CollectionView+Ext.swift */,
			);
			path = Extension;
			sourceTree = "<group>";
		};
		FCAAEFB42BD05A55002DA520 /* JLStickerView */ = {
			isa = PBXGroup;
			children = (
				FCAAEFB62BD05B22002DA520 /* adjustToFitFontOrWidth.swift */,
				FCAAEFB52BD05B22002DA520 /* CalcuteFunctions.swift */,
				FCAAEFB72BD05B22002DA520 /* JLAttributedTextView.swift */,
				FCAAEFB82BD05B22002DA520 /* JLStickerImageView.swift */,
				FCAAEFB92BD05B22002DA520 /* JLStickerLabelView.swift */,
			);
			path = JLStickerView;
			sourceTree = "<group>";
		};
		FCAAEFC02BD0605A002DA520 /* Xibs */ = {
			isa = PBXGroup;
			children = (
				FCAAEFC12BD06078002DA520 /* FilterCollectionCell.swift */,
				FCAAEFC22BD06078002DA520 /* FilterCollectionCell.xib */,
			);
			path = Xibs;
			sourceTree = "<group>";
		};
		FCAAEFC72BD06630002DA520 /* Constant */ = {
			isa = PBXGroup;
			children = (
				FCAAEFA82BD03F8A002DA520 /* ConstantEnum.swift */,
			);
			path = Constant;
			sourceTree = "<group>";
		};
/* End PBXGroup section */

/* Begin PBXNativeTarget section */
		FCAAEF802BD01BEB002DA520 /* PhotoEditorApp */ = {
			isa = PBXNativeTarget;
			buildConfigurationList = FCAAEF952BD01BEC002DA520 /* Build configuration list for PBXNativeTarget "PhotoEditorApp" */;
			buildPhases = (
				FCAAEF7D2BD01BEB002DA520 /* Sources */,
				FCAAEF7E2BD01BEB002DA520 /* Frameworks */,
				FCAAEF7F2BD01BEB002DA520 /* Resources */,
			);
			buildRules = (
			);
			dependencies = (
			);
			name = PhotoEditorApp;
			productName = PhotoEditorApp;
			productReference = FCAAEF812BD01BEB002DA520 /* PhotoEditorApp.app */;
			productType = "com.apple.product-type.application";
		};
/* End PBXNativeTarget section */

/* Begin PBXProject section */
		FCAAEF792BD01BEB002DA520 /* Project object */ = {
			isa = PBXProject;
			attributes = {
				BuildIndependentTargetsInParallel = 1;
				LastSwiftUpdateCheck = 1530;
				LastUpgradeCheck = 1530;
				TargetAttributes = {
					FCAAEF802BD01BEB002DA520 = {
						CreatedOnToolsVersion = 15.3;
					};
				};
			};
			buildConfigurationList = FCAAEF7C2BD01BEB002DA520 /* Build configuration list for PBXProject "PhotoEditorApp" */;
			compatibilityVersion = "Xcode 14.0";
			developmentRegion = en;
			hasScannedForEncodings = 0;
			knownRegions = (
				en,
				Base,
			);
			mainGroup = FCAAEF782BD01BEB002DA520;
			productRefGroup = FCAAEF822BD01BEB002DA520 /* Products */;
			projectDirPath = "";
			projectRoot = "";
			targets = (
				FCAAEF802BD01BEB002DA520 /* PhotoEditorApp */,
			);
		};
/* End PBXProject section */

/* Begin PBXResourcesBuildPhase section */
		FCAAEF7F2BD01BEB002DA520 /* Resources */ = {
			isa = PBXResourcesBuildPhase;
			buildActionMask = 2147483647;
			files = (
				FCAAEF8E2BD01BEC002DA520 /* Assets.xcassets in Resources */,
				FCAAEF912BD01BEC002DA520 /* Base in Resources */,
				FCAAEF8C2BD01BEB002DA520 /* Base in Resources */,
				FCAAEFC42BD06078002DA520 /* FilterCollectionCell.xib in Resources */,
			);
			runOnlyForDeploymentPostprocessing = 0;
		};
/* End PBXResourcesBuildPhase section */

/* Begin PBXSourcesBuildPhase section */
		FCAAEF7D2BD01BEB002DA520 /* Sources */ = {
			isa = PBXSourcesBuildPhase;
			buildActionMask = 2147483647;
			files = (
				FCAAEFBC2BD05B22002DA520 /* JLAttributedTextView.swift in Sources */,
				FCAAEFA02BD02ABE002DA520 /* CameraPhotoControllerVC.swift in Sources */,
				FCAAEFC32BD06078002DA520 /* FilterCollectionCell.swift in Sources */,
				FCAAEF892BD01BEB002DA520 /* ViewController.swift in Sources */,
				FCAAEFBD2BD05B22002DA520 /* JLStickerImageView.swift in Sources */,
				FCAAEFB12BD0524B002DA520 /* UIImage+Ext.swift in Sources */,
				FCAAEFBE2BD05B22002DA520 /* JLStickerLabelView.swift in Sources */,
				24DB44262BD0D938008F54D1 /* EditVC.swift in Sources */,
				FCAAEFA92BD03F8A002DA520 /* ConstantEnum.swift in Sources */,
				FCAAEFA32BD03783002DA520 /* UIViewController+Ext.swift in Sources */,
				FCAAEF852BD01BEB002DA520 /* AppDelegate.swift in Sources */,
				FCAAEF872BD01BEB002DA520 /* SceneDelegate.swift in Sources */,
				FCAAEFBB2BD05B22002DA520 /* adjustToFitFontOrWidth.swift in Sources */,
				FCAAEFC62BD06220002DA520 /* CollectionView+Ext.swift in Sources */,
				FCAAEFBA2BD05B22002DA520 /* CalcuteFunctions.swift in Sources */,
			);
			runOnlyForDeploymentPostprocessing = 0;
		};
/* End PBXSourcesBuildPhase section */

/* Begin PBXVariantGroup section */
		FCAAEF8A2BD01BEB002DA520 /* Main.storyboard */ = {
			isa = PBXVariantGroup;
			children = (
				FCAAEF8B2BD01BEB002DA520 /* Base */,
			);
			name = Main.storyboard;
			sourceTree = "<group>";
		};
		FCAAEF8F2BD01BEC002DA520 /* LaunchScreen.storyboard */ = {
			isa = PBXVariantGroup;
			children = (
				FCAAEF902BD01BEC002DA520 /* Base */,
			);
			name = LaunchScreen.storyboard;
			sourceTree = "<group>";
		};
/* End PBXVariantGroup section */

/* Begin XCBuildConfiguration section */
		FCAAEF932BD01BEC002DA520 /* Debug */ = {
			isa = XCBuildConfiguration;
			buildSettings = {
				ALWAYS_SEARCH_USER_PATHS = NO;
				ASSETCATALOG_COMPILER_GENERATE_SWIFT_ASSET_SYMBOL_EXTENSIONS = YES;
				CLANG_ANALYZER_NONNULL = YES;
				CLANG_ANALYZER_NUMBER_OBJECT_CONVERSION = YES_AGGRESSIVE;
				CLANG_CXX_LANGUAGE_STANDARD = "gnu++20";
				CLANG_ENABLE_MODULES = YES;
				CLANG_ENABLE_OBJC_ARC = YES;
				CLANG_ENABLE_OBJC_WEAK = YES;
				CLANG_WARN_BLOCK_CAPTURE_AUTORELEASING = YES;
				CLANG_WARN_BOOL_CONVERSION = YES;
				CLANG_WARN_COMMA = YES;
				CLANG_WARN_CONSTANT_CONVERSION = YES;
				CLANG_WARN_DEPRECATED_OBJC_IMPLEMENTATIONS = YES;
				CLANG_WARN_DIRECT_OBJC_ISA_USAGE = YES_ERROR;
				CLANG_WARN_DOCUMENTATION_COMMENTS = YES;
				CLANG_WARN_EMPTY_BODY = YES;
				CLANG_WARN_ENUM_CONVERSION = YES;
				CLANG_WARN_INFINITE_RECURSION = YES;
				CLANG_WARN_INT_CONVERSION = YES;
				CLANG_WARN_NON_LITERAL_NULL_CONVERSION = YES;
				CLANG_WARN_OBJC_IMPLICIT_RETAIN_SELF = YES;
				CLANG_WARN_OBJC_LITERAL_CONVERSION = YES;
				CLANG_WARN_OBJC_ROOT_CLASS = YES_ERROR;
				CLANG_WARN_QUOTED_INCLUDE_IN_FRAMEWORK_HEADER = YES;
				CLANG_WARN_RANGE_LOOP_ANALYSIS = YES;
				CLANG_WARN_STRICT_PROTOTYPES = YES;
				CLANG_WARN_SUSPICIOUS_MOVE = YES;
				CLANG_WARN_UNGUARDED_AVAILABILITY = YES_AGGRESSIVE;
				CLANG_WARN_UNREACHABLE_CODE = YES;
				CLANG_WARN__DUPLICATE_METHOD_MATCH = YES;
				COPY_PHASE_STRIP = NO;
				DEBUG_INFORMATION_FORMAT = dwarf;
				ENABLE_STRICT_OBJC_MSGSEND = YES;
				ENABLE_TESTABILITY = YES;
				ENABLE_USER_SCRIPT_SANDBOXING = YES;
				GCC_C_LANGUAGE_STANDARD = gnu17;
				GCC_DYNAMIC_NO_PIC = NO;
				GCC_NO_COMMON_BLOCKS = YES;
				GCC_OPTIMIZATION_LEVEL = 0;
				GCC_PREPROCESSOR_DEFINITIONS = (
					"DEBUG=1",
					"$(inherited)",
				);
				GCC_WARN_64_TO_32_BIT_CONVERSION = YES;
				GCC_WARN_ABOUT_RETURN_TYPE = YES_ERROR;
				GCC_WARN_UNDECLARED_SELECTOR = YES;
				GCC_WARN_UNINITIALIZED_AUTOS = YES_AGGRESSIVE;
				GCC_WARN_UNUSED_FUNCTION = YES;
				GCC_WARN_UNUSED_VARIABLE = YES;
				IPHONEOS_DEPLOYMENT_TARGET = 17.4;
				LOCALIZATION_PREFERS_STRING_CATALOGS = YES;
				MTL_ENABLE_DEBUG_INFO = INCLUDE_SOURCE;
				MTL_FAST_MATH = YES;
				ONLY_ACTIVE_ARCH = YES;
				SDKROOT = iphoneos;
				SWIFT_ACTIVE_COMPILATION_CONDITIONS = "DEBUG $(inherited)";
				SWIFT_OPTIMIZATION_LEVEL = "-Onone";
			};
			name = Debug;
		};
		FCAAEF942BD01BEC002DA520 /* Release */ = {
			isa = XCBuildConfiguration;
			buildSettings = {
				ALWAYS_SEARCH_USER_PATHS = NO;
				ASSETCATALOG_COMPILER_GENERATE_SWIFT_ASSET_SYMBOL_EXTENSIONS = YES;
				CLANG_ANALYZER_NONNULL = YES;
				CLANG_ANALYZER_NUMBER_OBJECT_CONVERSION = YES_AGGRESSIVE;
				CLANG_CXX_LANGUAGE_STANDARD = "gnu++20";
				CLANG_ENABLE_MODULES = YES;
				CLANG_ENABLE_OBJC_ARC = YES;
				CLANG_ENABLE_OBJC_WEAK = YES;
				CLANG_WARN_BLOCK_CAPTURE_AUTORELEASING = YES;
				CLANG_WARN_BOOL_CONVERSION = YES;
				CLANG_WARN_COMMA = YES;
				CLANG_WARN_CONSTANT_CONVERSION = YES;
				CLANG_WARN_DEPRECATED_OBJC_IMPLEMENTATIONS = YES;
				CLANG_WARN_DIRECT_OBJC_ISA_USAGE = YES_ERROR;
				CLANG_WARN_DOCUMENTATION_COMMENTS = YES;
				CLANG_WARN_EMPTY_BODY = YES;
				CLANG_WARN_ENUM_CONVERSION = YES;
				CLANG_WARN_INFINITE_RECURSION = YES;
				CLANG_WARN_INT_CONVERSION = YES;
				CLANG_WARN_NON_LITERAL_NULL_CONVERSION = YES;
				CLANG_WARN_OBJC_IMPLICIT_RETAIN_SELF = YES;
				CLANG_WARN_OBJC_LITERAL_CONVERSION = YES;
				CLANG_WARN_OBJC_ROOT_CLASS = YES_ERROR;
				CLANG_WARN_QUOTED_INCLUDE_IN_FRAMEWORK_HEADER = YES;
				CLANG_WARN_RANGE_LOOP_ANALYSIS = YES;
				CLANG_WARN_STRICT_PROTOTYPES = YES;
				CLANG_WARN_SUSPICIOUS_MOVE = YES;
				CLANG_WARN_UNGUARDED_AVAILABILITY = YES_AGGRESSIVE;
				CLANG_WARN_UNREACHABLE_CODE = YES;
				CLANG_WARN__DUPLICATE_METHOD_MATCH = YES;
				COPY_PHASE_STRIP = NO;
				DEBUG_INFORMATION_FORMAT = "dwarf-with-dsym";
				ENABLE_NS_ASSERTIONS = NO;
				ENABLE_STRICT_OBJC_MSGSEND = YES;
				ENABLE_USER_SCRIPT_SANDBOXING = YES;
				GCC_C_LANGUAGE_STANDARD = gnu17;
				GCC_NO_COMMON_BLOCKS = YES;
				GCC_WARN_64_TO_32_BIT_CONVERSION = YES;
				GCC_WARN_ABOUT_RETURN_TYPE = YES_ERROR;
				GCC_WARN_UNDECLARED_SELECTOR = YES;
				GCC_WARN_UNINITIALIZED_AUTOS = YES_AGGRESSIVE;
				GCC_WARN_UNUSED_FUNCTION = YES;
				GCC_WARN_UNUSED_VARIABLE = YES;
				IPHONEOS_DEPLOYMENT_TARGET = 17.4;
				LOCALIZATION_PREFERS_STRING_CATALOGS = YES;
				MTL_ENABLE_DEBUG_INFO = NO;
				MTL_FAST_MATH = YES;
				SDKROOT = iphoneos;
				SWIFT_COMPILATION_MODE = wholemodule;
				VALIDATE_PRODUCT = YES;
			};
			name = Release;
		};
		FCAAEF962BD01BEC002DA520 /* Debug */ = {
			isa = XCBuildConfiguration;
			buildSettings = {
				ASSETCATALOG_COMPILER_APPICON_NAME = AppIcon;
				ASSETCATALOG_COMPILER_GLOBAL_ACCENT_COLOR_NAME = AccentColor;
				CODE_SIGN_STYLE = Automatic;
				CURRENT_PROJECT_VERSION = 1;
				DEVELOPMENT_TEAM = M7A89LHKGA;
				GENERATE_INFOPLIST_FILE = YES;
				INFOPLIST_FILE = PhotoEditorApp/Info.plist;
				INFOPLIST_KEY_NSCameraUsageDescription = "Please Allow Access Your Camera";
				INFOPLIST_KEY_NSFileProviderDomainUsageDescription = "";
				INFOPLIST_KEY_NSPhotoLibraryUsageDescription = "Please Allow Access Your Photo";
				INFOPLIST_KEY_UIApplicationSupportsIndirectInputEvents = YES;
				INFOPLIST_KEY_UILaunchStoryboardName = LaunchScreen;
				INFOPLIST_KEY_UIMainStoryboardFile = Main;
				INFOPLIST_KEY_UISupportedInterfaceOrientations = UIInterfaceOrientationPortrait;
				IPHONEOS_DEPLOYMENT_TARGET = 17.0;
				LD_RUNPATH_SEARCH_PATHS = (
					"$(inherited)",
					"@executable_path/Frameworks",
				);
				MARKETING_VERSION = 1.0;
				PRODUCT_BUNDLE_IDENTIFIER = com.avi.PhotoEditorApp;
				PRODUCT_NAME = "$(TARGET_NAME)";
				SWIFT_EMIT_LOC_STRINGS = YES;
				SWIFT_VERSION = 5.0;
				TARGETED_DEVICE_FAMILY = "1,2";
			};
			name = Debug;
		};
		FCAAEF972BD01BEC002DA520 /* Release */ = {
			isa = XCBuildConfiguration;
			buildSettings = {
				ASSETCATALOG_COMPILER_APPICON_NAME = AppIcon;
				ASSETCATALOG_COMPILER_GLOBAL_ACCENT_COLOR_NAME = AccentColor;
				CODE_SIGN_STYLE = Automatic;
				CURRENT_PROJECT_VERSION = 1;
				DEVELOPMENT_TEAM = M7A89LHKGA;
				GENERATE_INFOPLIST_FILE = YES;
				INFOPLIST_FILE = PhotoEditorApp/Info.plist;
				INFOPLIST_KEY_NSCameraUsageDescription = "Please Allow Access Your Camera";
				INFOPLIST_KEY_NSFileProviderDomainUsageDescription = "";
				INFOPLIST_KEY_NSPhotoLibraryUsageDescription = "Please Allow Access Your Photo";
				INFOPLIST_KEY_UIApplicationSupportsIndirectInputEvents = YES;
				INFOPLIST_KEY_UILaunchStoryboardName = LaunchScreen;
				INFOPLIST_KEY_UIMainStoryboardFile = Main;
				INFOPLIST_KEY_UISupportedInterfaceOrientations = UIInterfaceOrientationPortrait;
				IPHONEOS_DEPLOYMENT_TARGET = 17.0;
				LD_RUNPATH_SEARCH_PATHS = (
					"$(inherited)",
					"@executable_path/Frameworks",
				);
				MARKETING_VERSION = 1.0;
				PRODUCT_BUNDLE_IDENTIFIER = com.avi.PhotoEditorApp;
				PRODUCT_NAME = "$(TARGET_NAME)";
				SWIFT_EMIT_LOC_STRINGS = YES;
				SWIFT_VERSION = 5.0;
				TARGETED_DEVICE_FAMILY = "1,2";
			};
			name = Release;
		};
/* End XCBuildConfiguration section */

/* Begin XCConfigurationList section */
		FCAAEF7C2BD01BEB002DA520 /* Build configuration list for PBXProject "PhotoEditorApp" */ = {
			isa = XCConfigurationList;
			buildConfigurations = (
				FCAAEF932BD01BEC002DA520 /* Debug */,
				FCAAEF942BD01BEC002DA520 /* Release */,
			);
			defaultConfigurationIsVisible = 0;
			defaultConfigurationName = Release;
		};
		FCAAEF952BD01BEC002DA520 /* Build configuration list for PBXNativeTarget "PhotoEditorApp" */ = {
			isa = XCConfigurationList;
			buildConfigurations = (
				FCAAEF962BD01BEC002DA520 /* Debug */,
				FCAAEF972BD01BEC002DA520 /* Release */,
			);
			defaultConfigurationIsVisible = 0;
			defaultConfigurationName = Release;
		};
/* End XCConfigurationList section */
	};
	rootObject = FCAAEF792BD01BEB002DA520 /* Project object */;
}
